lockfileVersion: '9.0'

settings:
  autoInstallPeers: true
  excludeLinksFromLockfile: false

importers:

  .:
    dependencies:
      axios:
        specifier: ^1.7.3
        version: 1.7.3
      element-plus:
        specifier: ^2.7.8
        version: 2.7.8(vue@3.4.35)
      vue:
        specifier: ^3.4.35
        version: 3.4.35
      vue-router:
        specifier: ^4.4.2
        version: 4.4.2(vue@3.4.35)
    devDependencies:
      '@vitejs/plugin-vue':
        specifier: ^5.1.2
        version: 5.1.2(vite@5.3.5)(vue@3.4.35)
      unplugin-auto-import:
        specifier: ^0.18.2
        version: 0.18.2(@vueuse/core@10.11.0(vue@3.4.35))(rollup@4.20.0)
      unplugin-vue-components:
        specifier: ^0.27.3
        version: 0.27.3(@babel/parser@7.25.3)(rollup@4.20.0)(vue@3.4.35)
      vite:
        specifier: ^5.3.5
        version: 5.3.5

packages:

  '@antfu/utils@0.7.10':
    resolution: {integrity: sha512-+562v9k4aI80m1+VuMHehNJWLOFjBnXn3tdOitzD0il5b7smkSBal4+a3oKiQTbrwMmN/TBUMDvbdoWDehgOww==}

  '@babel/helper-string-parser@7.24.8':
    resolution: {integrity: sha512-pO9KhhRcuUyGnJWwyEgnRJTSIZHiT+vMD0kPeD+so0l7mxkMT19g3pjY9GTnHySck/hDzq+dtW/4VgnMkippsQ==}
    engines: {node: '>=6.9.0'}

  '@babel/helper-validator-identifier@7.24.7':
    resolution: {integrity: sha512-rR+PBcQ1SMQDDyF6X0wxtG8QyLCgUB0eRAGguqRLfkCA87l7yAP7ehq8SNj96OOGTO8OBV70KhuFYcIkHXOg0w==}
    engines: {node: '>=6.9.0'}

  '@babel/parser@7.25.3':
    resolution: {integrity: sha512-iLTJKDbJ4hMvFPgQwwsVoxtHyWpKKPBrxkANrSYewDPaPpT5py5yeVkgPIJ7XYXhndxJpaA3PyALSXQ7u8e/Dw==}
    engines: {node: '>=6.0.0'}
    hasBin: true

  '@babel/types@7.25.2':
    resolution: {integrity: sha512-YTnYtra7W9e6/oAZEHj0bJehPRUlLH9/fbpT5LfB0NhQXyALCRkRs3zH9v07IYhkgpqX6Z78FnuccZr/l4Fs4Q==}
    engines: {node: '>=6.9.0'}

  '@ctrl/tinycolor@3.6.1':
    resolution: {integrity: sha512-SITSV6aIXsuVNV3f3O0f2n/cgyEDWoSqtZMYiAmcsYHydcKrOz3gUxB/iXd/Qf08+IZX4KpgNbvUdMBmWz+kcA==}
    engines: {node: '>=10'}

  '@element-plus/icons-vue@2.3.1':
    resolution: {integrity: sha512-XxVUZv48RZAd87ucGS48jPf6pKu0yV5UCg9f4FFwtrYxXOwWuVJo6wOvSLKEoMQKjv8GsX/mhP6UsC1lRwbUWg==}
    peerDependencies:
      vue: ^3.2.0

  '@esbuild/aix-ppc64@0.21.5':
    resolution: {integrity: sha512-1SDgH6ZSPTlggy1yI6+Dbkiz8xzpHJEVAlF/AM1tHPLsf5STom9rwtjE4hKAF20FfXXNTFqEYXyJNWh1GiZedQ==}
    engines: {node: '>=12'}
    cpu: [ppc64]
    os: [aix]

  '@esbuild/android-arm64@0.21.5':
    resolution: {integrity: sha512-c0uX9VAUBQ7dTDCjq+wdyGLowMdtR/GoC2U5IYk/7D1H1JYC0qseD7+11iMP2mRLN9RcCMRcjC4YMclCzGwS/A==}
    engines: {node: '>=12'}
    cpu: [arm64]
    os: [android]

  '@esbuild/android-arm@0.21.5':
    resolution: {integrity: sha512-vCPvzSjpPHEi1siZdlvAlsPxXl7WbOVUBBAowWug4rJHb68Ox8KualB+1ocNvT5fjv6wpkX6o/iEpbDrf68zcg==}
    engines: {node: '>=12'}
    cpu: [arm]
    os: [android]

  '@esbuild/android-x64@0.21.5':
    resolution: {integrity: sha512-D7aPRUUNHRBwHxzxRvp856rjUHRFW1SdQATKXH2hqA0kAZb1hKmi02OpYRacl0TxIGz/ZmXWlbZgjwWYaCakTA==}
    engines: {node: '>=12'}
    cpu: [x64]
    os: [android]

  '@esbuild/darwin-arm64@0.21.5':
    resolution: {integrity: sha512-DwqXqZyuk5AiWWf3UfLiRDJ5EDd49zg6O9wclZ7kUMv2WRFr4HKjXp/5t8JZ11QbQfUS6/cRCKGwYhtNAY88kQ==}
    engines: {node: '>=12'}
    cpu: [arm64]
    os: [darwin]

  '@esbuild/darwin-x64@0.21.5':
    resolution: {integrity: sha512-se/JjF8NlmKVG4kNIuyWMV/22ZaerB+qaSi5MdrXtd6R08kvs2qCN4C09miupktDitvh8jRFflwGFBQcxZRjbw==}
    engines: {node: '>=12'}
    cpu: [x64]
    os: [darwin]

  '@esbuild/freebsd-arm64@0.21.5':
    resolution: {integrity: sha512-5JcRxxRDUJLX8JXp/wcBCy3pENnCgBR9bN6JsY4OmhfUtIHe3ZW0mawA7+RDAcMLrMIZaf03NlQiX9DGyB8h4g==}
    engines: {node: '>=12'}
    cpu: [arm64]
    os: [freebsd]

  '@esbuild/freebsd-x64@0.21.5':
    resolution: {integrity: sha512-J95kNBj1zkbMXtHVH29bBriQygMXqoVQOQYA+ISs0/2l3T9/kj42ow2mpqerRBxDJnmkUDCaQT/dfNXWX/ZZCQ==}
    engines: {node: '>=12'}
    cpu: [x64]
    os: [freebsd]

  '@esbuild/linux-arm64@0.21.5':
    resolution: {integrity: sha512-ibKvmyYzKsBeX8d8I7MH/TMfWDXBF3db4qM6sy+7re0YXya+K1cem3on9XgdT2EQGMu4hQyZhan7TeQ8XkGp4Q==}
    engines: {node: '>=12'}
    cpu: [arm64]
    os: [linux]

  '@esbuild/linux-arm@0.21.5':
    resolution: {integrity: sha512-bPb5AHZtbeNGjCKVZ9UGqGwo8EUu4cLq68E95A53KlxAPRmUyYv2D6F0uUI65XisGOL1hBP5mTronbgo+0bFcA==}
    engines: {node: '>=12'}
    cpu: [arm]
    os: [linux]

  '@esbuild/linux-ia32@0.21.5':
    resolution: {integrity: sha512-YvjXDqLRqPDl2dvRODYmmhz4rPeVKYvppfGYKSNGdyZkA01046pLWyRKKI3ax8fbJoK5QbxblURkwK/MWY18Tg==}
    engines: {node: '>=12'}
    cpu: [ia32]
    os: [linux]

  '@esbuild/linux-loong64@0.21.5':
    resolution: {integrity: sha512-uHf1BmMG8qEvzdrzAqg2SIG/02+4/DHB6a9Kbya0XDvwDEKCoC8ZRWI5JJvNdUjtciBGFQ5PuBlpEOXQj+JQSg==}
    engines: {node: '>=12'}
    cpu: [loong64]
    os: [linux]

  '@esbuild/linux-mips64el@0.21.5':
    resolution: {integrity: sha512-IajOmO+KJK23bj52dFSNCMsz1QP1DqM6cwLUv3W1QwyxkyIWecfafnI555fvSGqEKwjMXVLokcV5ygHW5b3Jbg==}
    engines: {node: '>=12'}
    cpu: [mips64el]
    os: [linux]

  '@esbuild/linux-ppc64@0.21.5':
    resolution: {integrity: sha512-1hHV/Z4OEfMwpLO8rp7CvlhBDnjsC3CttJXIhBi+5Aj5r+MBvy4egg7wCbe//hSsT+RvDAG7s81tAvpL2XAE4w==}
    engines: {node: '>=12'}
    cpu: [ppc64]
    os: [linux]

  '@esbuild/linux-riscv64@0.21.5':
    resolution: {integrity: sha512-2HdXDMd9GMgTGrPWnJzP2ALSokE/0O5HhTUvWIbD3YdjME8JwvSCnNGBnTThKGEB91OZhzrJ4qIIxk/SBmyDDA==}
    engines: {node: '>=12'}
    cpu: [riscv64]
    os: [linux]

  '@esbuild/linux-s390x@0.21.5':
    resolution: {integrity: sha512-zus5sxzqBJD3eXxwvjN1yQkRepANgxE9lgOW2qLnmr8ikMTphkjgXu1HR01K4FJg8h1kEEDAqDcZQtbrRnB41A==}
    engines: {node: '>=12'}
    cpu: [s390x]
    os: [linux]

  '@esbuild/linux-x64@0.21.5':
    resolution: {integrity: sha512-1rYdTpyv03iycF1+BhzrzQJCdOuAOtaqHTWJZCWvijKD2N5Xu0TtVC8/+1faWqcP9iBCWOmjmhoH94dH82BxPQ==}
    engines: {node: '>=12'}
    cpu: [x64]
    os: [linux]

  '@esbuild/netbsd-x64@0.21.5':
    resolution: {integrity: sha512-Woi2MXzXjMULccIwMnLciyZH4nCIMpWQAs049KEeMvOcNADVxo0UBIQPfSmxB3CWKedngg7sWZdLvLczpe0tLg==}
    engines: {node: '>=12'}
    cpu: [x64]
    os: [netbsd]

  '@esbuild/openbsd-x64@0.21.5':
    resolution: {integrity: sha512-HLNNw99xsvx12lFBUwoT8EVCsSvRNDVxNpjZ7bPn947b8gJPzeHWyNVhFsaerc0n3TsbOINvRP2byTZ5LKezow==}
    engines: {node: '>=12'}
    cpu: [x64]
    os: [openbsd]

  '@esbuild/sunos-x64@0.21.5':
    resolution: {integrity: sha512-6+gjmFpfy0BHU5Tpptkuh8+uw3mnrvgs+dSPQXQOv3ekbordwnzTVEb4qnIvQcYXq6gzkyTnoZ9dZG+D4garKg==}
    engines: {node: '>=12'}
    cpu: [x64]
    os: [sunos]

  '@esbuild/win32-arm64@0.21.5':
    resolution: {integrity: sha512-Z0gOTd75VvXqyq7nsl93zwahcTROgqvuAcYDUr+vOv8uHhNSKROyU961kgtCD1e95IqPKSQKH7tBTslnS3tA8A==}
    engines: {node: '>=12'}
    cpu: [arm64]
    os: [win32]

  '@esbuild/win32-ia32@0.21.5':
    resolution: {integrity: sha512-SWXFF1CL2RVNMaVs+BBClwtfZSvDgtL//G/smwAc5oVK/UPu2Gu9tIaRgFmYFFKrmg3SyAjSrElf0TiJ1v8fYA==}
    engines: {node: '>=12'}
    cpu: [ia32]
    os: [win32]

  '@esbuild/win32-x64@0.21.5':
    resolution: {integrity: sha512-tQd/1efJuzPC6rCFwEvLtci/xNFcTZknmXs98FYDfGE4wP9ClFV98nyKrzJKVPMhdDnjzLhdUyMX4PsQAPjwIw==}
    engines: {node: '>=12'}
    cpu: [x64]
    os: [win32]

  '@floating-ui/core@1.6.5':
    resolution: {integrity: sha512-8GrTWmoFhm5BsMZOTHeGD2/0FLKLQQHvO/ZmQga4tKempYRLz8aqJGqXVuQgisnMObq2YZ2SgkwctN1LOOxcqA==}

  '@floating-ui/dom@1.6.8':
    resolution: {integrity: sha512-kx62rP19VZ767Q653wsP1XZCGIirkE09E0QUGNYTM/ttbbQHqcGPdSfWFxUyyNLc/W6aoJRBajOSXhP6GXjC0Q==}

  '@floating-ui/utils@0.2.5':
    resolution: {integrity: sha512-sTcG+QZ6fdEUObICavU+aB3Mp8HY4n14wYHdxK4fXjPmv3PXZZeY5RaguJmGyeH/CJQhX3fqKUtS4qc1LoHwhQ==}

  '@jridgewell/sourcemap-codec@1.5.0':
    resolution: {integrity: sha512-gv3ZRaISU3fjPAgNsriBRqGWQL6quFx04YMPW/zD8XMLsU32mhCCbfbO6KZFLjvYpCZ8zyDEgqsgf+PwPaM7GQ==}

  '@nodelib/fs.scandir@2.1.5':
    resolution: {integrity: sha512-vq24Bq3ym5HEQm2NKCr3yXDwjc7vTsEThRDnkp2DK9p1uqLR+DHurm/NOTo0KG7HYHU7eppKZj3MyqYuMBf62g==}
    engines: {node: '>= 8'}

  '@nodelib/fs.stat@2.0.5':
    resolution: {integrity: sha512-RkhPPp2zrqDAQA/2jNhnztcPAlv64XdhIp7a7454A5ovI7Bukxgt7MX7udwAu3zg1DcpPU0rz3VV1SeaqvY4+A==}
    engines: {node: '>= 8'}

  '@nodelib/fs.walk@1.2.8':
    resolution: {integrity: sha512-oGB+UxlgWcgQkgwo8GcEGwemoTFt3FIO9ababBmaGwXIoBKZ+GTy0pP185beGg7Llih/NSHSV2XAs1lnznocSg==}
    engines: {node: '>= 8'}

  '@rollup/pluginutils@5.1.0':
    resolution: {integrity: sha512-XTIWOPPcpvyKI6L1NHo0lFlCyznUEyPmPY1mc3KpPVDYulHSTvyeLNVW00QTLIAFNhR3kYnJTQHeGqU4M3n09g==}
    engines: {node: '>=14.0.0'}
    peerDependencies:
      rollup: ^1.20.0||^2.0.0||^3.0.0||^4.0.0
    peerDependenciesMeta:
      rollup:
        optional: true

  '@rollup/rollup-android-arm-eabi@4.20.0':
    resolution: {integrity: sha512-TSpWzflCc4VGAUJZlPpgAJE1+V60MePDQnBd7PPkpuEmOy8i87aL6tinFGKBFKuEDikYpig72QzdT3QPYIi+oA==}
    cpu: [arm]
    os: [android]

  '@rollup/rollup-android-arm64@4.20.0':
    resolution: {integrity: sha512-u00Ro/nok7oGzVuh/FMYfNoGqxU5CPWz1mxV85S2w9LxHR8OoMQBuSk+3BKVIDYgkpeOET5yXkx90OYFc+ytpQ==}
    cpu: [arm64]
    os: [android]

  '@rollup/rollup-darwin-arm64@4.20.0':
    resolution: {integrity: sha512-uFVfvzvsdGtlSLuL0ZlvPJvl6ZmrH4CBwLGEFPe7hUmf7htGAN+aXo43R/V6LATyxlKVC/m6UsLb7jbG+LG39Q==}
    cpu: [arm64]
    os: [darwin]

  '@rollup/rollup-darwin-x64@4.20.0':
    resolution: {integrity: sha512-xbrMDdlev53vNXexEa6l0LffojxhqDTBeL+VUxuuIXys4x6xyvbKq5XqTXBCEUA8ty8iEJblHvFaWRJTk/icAQ==}
    cpu: [x64]
    os: [darwin]

  '@rollup/rollup-linux-arm-gnueabihf@4.20.0':
    resolution: {integrity: sha512-jMYvxZwGmoHFBTbr12Xc6wOdc2xA5tF5F2q6t7Rcfab68TT0n+r7dgawD4qhPEvasDsVpQi+MgDzj2faOLsZjA==}
    cpu: [arm]
    os: [linux]

  '@rollup/rollup-linux-arm-musleabihf@4.20.0':
    resolution: {integrity: sha512-1asSTl4HKuIHIB1GcdFHNNZhxAYEdqML/MW4QmPS4G0ivbEcBr1JKlFLKsIRqjSwOBkdItn3/ZDlyvZ/N6KPlw==}
    cpu: [arm]
    os: [linux]

  '@rollup/rollup-linux-arm64-gnu@4.20.0':
    resolution: {integrity: sha512-COBb8Bkx56KldOYJfMf6wKeYJrtJ9vEgBRAOkfw6Ens0tnmzPqvlpjZiLgkhg6cA3DGzCmLmmd319pmHvKWWlQ==}
    cpu: [arm64]
    os: [linux]

  '@rollup/rollup-linux-arm64-musl@4.20.0':
    resolution: {integrity: sha512-+it+mBSyMslVQa8wSPvBx53fYuZK/oLTu5RJoXogjk6x7Q7sz1GNRsXWjn6SwyJm8E/oMjNVwPhmNdIjwP135Q==}
    cpu: [arm64]
    os: [linux]

  '@rollup/rollup-linux-powerpc64le-gnu@4.20.0':
    resolution: {integrity: sha512-yAMvqhPfGKsAxHN8I4+jE0CpLWD8cv4z7CK7BMmhjDuz606Q2tFKkWRY8bHR9JQXYcoLfopo5TTqzxgPUjUMfw==}
    cpu: [ppc64]
    os: [linux]

  '@rollup/rollup-linux-riscv64-gnu@4.20.0':
    resolution: {integrity: sha512-qmuxFpfmi/2SUkAw95TtNq/w/I7Gpjurx609OOOV7U4vhvUhBcftcmXwl3rqAek+ADBwSjIC4IVNLiszoj3dPA==}
    cpu: [riscv64]
    os: [linux]

  '@rollup/rollup-linux-s390x-gnu@4.20.0':
    resolution: {integrity: sha512-I0BtGXddHSHjV1mqTNkgUZLnS3WtsqebAXv11D5BZE/gfw5KoyXSAXVqyJximQXNvNzUo4GKlCK/dIwXlz+jlg==}
    cpu: [s390x]
    os: [linux]

  '@rollup/rollup-linux-x64-gnu@4.20.0':
    resolution: {integrity: sha512-y+eoL2I3iphUg9tN9GB6ku1FA8kOfmF4oUEWhztDJ4KXJy1agk/9+pejOuZkNFhRwHAOxMsBPLbXPd6mJiCwew==}
    cpu: [x64]
    os: [linux]

  '@rollup/rollup-linux-x64-musl@4.20.0':
    resolution: {integrity: sha512-hM3nhW40kBNYUkZb/r9k2FKK+/MnKglX7UYd4ZUy5DJs8/sMsIbqWK2piZtVGE3kcXVNj3B2IrUYROJMMCikNg==}
    cpu: [x64]
    os: [linux]

  '@rollup/rollup-win32-arm64-msvc@4.20.0':
    resolution: {integrity: sha512-psegMvP+Ik/Bg7QRJbv8w8PAytPA7Uo8fpFjXyCRHWm6Nt42L+JtoqH8eDQ5hRP7/XW2UiIriy1Z46jf0Oa1kA==}
    cpu: [arm64]
    os: [win32]

  '@rollup/rollup-win32-ia32-msvc@4.20.0':
    resolution: {integrity: sha512-GabekH3w4lgAJpVxkk7hUzUf2hICSQO0a/BLFA11/RMxQT92MabKAqyubzDZmMOC/hcJNlc+rrypzNzYl4Dx7A==}
    cpu: [ia32]
    os: [win32]

  '@rollup/rollup-win32-x64-msvc@4.20.0':
    resolution: {integrity: sha512-aJ1EJSuTdGnM6qbVC4B5DSmozPTqIag9fSzXRNNo+humQLG89XpPgdt16Ia56ORD7s+H8Pmyx44uczDQ0yDzpg==}
    cpu: [x64]
    os: [win32]

  '@sxzz/popperjs-es@2.11.7':
    resolution: {integrity: sha512-Ccy0NlLkzr0Ex2FKvh2X+OyERHXJ88XJ1MXtsI9y9fGexlaXaVTPzBCRBwIxFkORuOb+uBqeu+RqnpgYTEZRUQ==}

  '@types/estree@1.0.5':
    resolution: {integrity: sha512-/kYRxGDLWzHOB7q+wtSUQlFrtcdUccpfy+X+9iMBpHK8QLLhx2wIPYuS5DYtR9Wa/YlZAbIovy7qVdB1Aq6Lyw==}

  '@types/lodash-es@4.17.12':
    resolution: {integrity: sha512-0NgftHUcV4v34VhXm8QBSftKVXtbkBG3ViCjs6+eJ5a6y6Mi/jiFGPc1sC7QK+9BFhWrURE3EOggmWaSxL9OzQ==}

  '@types/lodash@4.17.7':
    resolution: {integrity: sha512-8wTvZawATi/lsmNu10/j2hk1KEP0IvjubqPE3cu1Xz7xfXXt5oCq3SNUz4fMIP4XGF9Ky+Ue2tBA3hcS7LSBlA==}

  '@types/web-bluetooth@0.0.16':
    resolution: {integrity: sha512-oh8q2Zc32S6gd/j50GowEjKLoOVOwHP/bWVjKJInBwQqdOYMdPrf1oVlelTlyfFK3CKxL1uahMDAr+vy8T7yMQ==}

  '@types/web-bluetooth@0.0.20':
    resolution: {integrity: sha512-g9gZnnXVq7gM7v3tJCWV/qw7w+KeOlSHAhgF9RytFyifW6AF61hdT2ucrYhPq9hLs5JIryeupHV3qGk95dH9ow==}

  '@vitejs/plugin-vue@5.1.2':
    resolution: {integrity: sha512-nY9IwH12qeiJqumTCLJLE7IiNx7HZ39cbHaysEUd+Myvbz9KAqd2yq+U01Kab1R/H1BmiyM2ShTYlNH32Fzo3A==}
    engines: {node: ^18.0.0 || >=20.0.0}
    peerDependencies:
      vite: ^5.0.0
      vue: ^3.2.25

  '@vue/compiler-core@3.4.35':
    resolution: {integrity: sha512-gKp0zGoLnMYtw4uS/SJRRO7rsVggLjvot3mcctlMXunYNsX+aRJDqqw/lV5/gHK91nvaAAlWFgdVl020AW1Prg==}

  '@vue/compiler-dom@3.4.35':
    resolution: {integrity: sha512-pWIZRL76/oE/VMhdv/ovZfmuooEni6JPG1BFe7oLk5DZRo/ImydXijoZl/4kh2406boRQ7lxTYzbZEEXEhj9NQ==}

  '@vue/compiler-sfc@3.4.35':
    resolution: {integrity: sha512-xacnRS/h/FCsjsMfxBkzjoNxyxEyKyZfBch/P4vkLRvYJwe5ChXmZZrj8Dsed/752H2Q3JE8kYu9Uyha9J6PgA==}

  '@vue/compiler-ssr@3.4.35':
    resolution: {integrity: sha512-7iynB+0KB1AAJKk/biENTV5cRGHRdbdaD7Mx3nWcm1W8bVD6QmnH3B4AHhQQ1qZHhqFwzEzMwiytXm3PX1e60A==}

  '@vue/devtools-api@6.6.3':
    resolution: {integrity: sha512-0MiMsFma/HqA6g3KLKn+AGpL1kgKhFWszC9U29NfpWK5LE7bjeXxySWJrOJ77hBz+TBrBQ7o4QJqbPbqbs8rJw==}

  '@vue/reactivity@3.4.35':
    resolution: {integrity: sha512-Ggtz7ZZHakriKioveJtPlStYardwQH6VCs9V13/4qjHSQb/teE30LVJNrbBVs4+aoYGtTQKJbTe4CWGxVZrvEw==}

  '@vue/runtime-core@3.4.35':
    resolution: {integrity: sha512-D+BAjFoWwT5wtITpSxwqfWZiBClhBbR+bm0VQlWYFOadUUXFo+5wbe9ErXhLvwguPiLZdEF13QAWi2vP3ZD5tA==}

  '@vue/runtime-dom@3.4.35':
    resolution: {integrity: sha512-yGOlbos+MVhlS5NWBF2HDNgblG8e2MY3+GigHEyR/dREAluvI5tuUUgie3/9XeqhPE4LF0i2wjlduh5thnfOqw==}

  '@vue/server-renderer@3.4.35':
    resolution: {integrity: sha512-iZ0e/u9mRE4T8tNhlo0tbA+gzVkgv8r5BX6s1kRbOZqfpq14qoIvCZ5gIgraOmYkMYrSEZgkkojFPr+Nyq/Mnw==}
    peerDependencies:
      vue: 3.4.35

  '@vue/shared@3.4.35':
    resolution: {integrity: sha512-hvuhBYYDe+b1G8KHxsQ0diDqDMA8D9laxWZhNAjE83VZb5UDaXl9Xnz7cGdDSyiHM90qqI/CyGMcpBpiDy6VVQ==}

  '@vueuse/core@10.11.0':
    resolution: {integrity: sha512-x3sD4Mkm7PJ+pcq3HX8PLPBadXCAlSDR/waK87dz0gQE+qJnaaFhc/dZVfJz+IUYzTMVGum2QlR7ImiJQN4s6g==}

  '@vueuse/core@9.13.0':
    resolution: {integrity: sha512-pujnclbeHWxxPRqXWmdkKV5OX4Wk4YeK7wusHqRwU0Q7EFusHoqNA/aPhB6KCh9hEqJkLAJo7bb0Lh9b+OIVzw==}

  '@vueuse/metadata@10.11.0':
    resolution: {integrity: sha512-kQX7l6l8dVWNqlqyN3ePW3KmjCQO3ZMgXuBMddIu83CmucrsBfXlH+JoviYyRBws/yLTQO8g3Pbw+bdIoVm4oQ==}

  '@vueuse/metadata@9.13.0':
    resolution: {integrity: sha512-gdU7TKNAUVlXXLbaF+ZCfte8BjRJQWPCa2J55+7/h+yDtzw3vOoGQDRXzI6pyKyo6bXFT5/QoPE4hAknExjRLQ==}

  '@vueuse/shared@10.11.0':
    resolution: {integrity: sha512-fyNoIXEq3PfX1L3NkNhtVQUSRtqYwJtJg+Bp9rIzculIZWHTkKSysujrOk2J+NrRulLTQH9+3gGSfYLWSEWU1A==}

  '@vueuse/shared@9.13.0':
    resolution: {integrity: sha512-UrnhU+Cnufu4S6JLCPZnkWh0WwZGUp72ktOF2DFptMlOs3TOdVv8xJN53zhHGARmVOsz5KqOls09+J1NR6sBKw==}

  acorn@8.12.1:
    resolution: {integrity: sha512-tcpGyI9zbizT9JbV6oYE477V6mTlXvvi0T0G3SNIYE2apm/G5huBa1+K89VGeovbg+jycCrfhl3ADxErOuO6Jg==}
    engines: {node: '>=0.4.0'}
    hasBin: true

  anymatch@3.1.3:
    resolution: {integrity: sha512-KMReFUr0B4t+D+OBkjR3KYqvocp2XaSzO55UcB6mgQMd3KbcE+mWTyvVV7D/zsdEbNnV6acZUutkiHQXvTr1Rw==}
    engines: {node: '>= 8'}

  async-validator@4.2.5:
    resolution: {integrity: sha512-7HhHjtERjqlNbZtqNqy2rckN/SpOOlmDliet+lP7k+eKZEjPk3DgyeU9lIXLdeLz0uBbbVp+9Qdow9wJWgwwfg==}

  asynckit@0.4.0:
    resolution: {integrity: sha512-Oei9OH4tRh0YqU3GxhX79dM/mwVgvbZJaSNaRk+bshkj0S5cfHcgYakreBjrHwatXKbz+IoIdYLxrKim2MjW0Q==}

  axios@1.7.3:
    resolution: {integrity: sha512-Ar7ND9pU99eJ9GpoGQKhKf58GpUOgnzuaB7ueNQ5BMi0p+LZ5oaEnfF999fAArcTIBwXTCHAmGcHOZJaWPq9Nw==}

  balanced-match@1.0.2:
    resolution: {integrity: sha512-3oSeUO0TMV67hN1AmbXsK4yaqU7tjiHlbxRDZOpH0KW9+CeX4bRAaX0Anxt0tx2MrpRpWwQaPwIlISEJhYU5Pw==}

  binary-extensions@2.3.0:
    resolution: {integrity: sha512-Ceh+7ox5qe7LJuLHoY0feh3pHuUDHAcRUeyL2VYghZwfpkNIy/+8Ocg0a3UuSoYzavmylwuLWQOf3hl0jjMMIw==}
    engines: {node: '>=8'}

  brace-expansion@2.0.1:
    resolution: {integrity: sha512-XnAIvQ8eM+kC6aULx6wuQiwVsnzsi9d3WxzV3FpWTGA19F621kwdbsAcFKXgKUHZWsy+mY6iL1sHTxWEFCytDA==}

  braces@3.0.3:
    resolution: {integrity: sha512-yQbXgO/OSZVD2IsiLlro+7Hf6Q18EJrKSEsdoMzKePKXct3gvD8oLcOQdIzGupr5Fj+EDe8gO/lxc1BzfMpxvA==}
    engines: {node: '>=8'}

  chokidar@3.6.0:
    resolution: {integrity: sha512-7VT13fmjotKpGipCW9JEQAusEPE+Ei8nl6/g4FBAmIm0GOOLMua9NDDo/DWp0ZAxCr3cPq5ZpBqmPAQgDda2Pw==}
    engines: {node: '>= 8.10.0'}

  combined-stream@1.0.8:
    resolution: {integrity: sha512-FQN4MRfuJeHf7cBbBMJFXhKSDq+2kAArBlmRBvcvFE5BB1HZKXtSFASDhdlz9zOYwxh8lDdnvmMOe/+5cdoEdg==}
    engines: {node: '>= 0.8'}

  confbox@0.1.7:
    resolution: {integrity: sha512-uJcB/FKZtBMCJpK8MQji6bJHgu1tixKPxRLeGkNzBoOZzpnZUJm0jm2/sBDWcuBx1dYgxV4JU+g5hmNxCyAmdA==}

  csstype@3.1.3:
    resolution: {integrity: sha512-M1uQkMl8rQK/szD0LNhtqxIPLpimGm8sOBwU7lLnCpSbTyY3yeU1Vc7l4KT5zT4s/yOxHH5O7tIuuLOCnLADRw==}

  dayjs@1.11.12:
    resolution: {integrity: sha512-Rt2g+nTbLlDWZTwwrIXjy9MeiZmSDI375FvZs72ngxx8PDC6YXOeR3q5LAuPzjZQxhiWdRKac7RKV+YyQYfYIg==}

  debug@4.3.6:
    resolution: {integrity: sha512-O/09Bd4Z1fBrU4VzkhFqVgpPzaGbw6Sm9FEkBT1A/YBXQFGuuSxa1dN2nxgxS34JmKXqYx8CZAwEVoJFImUXIg==}
    engines: {node: '>=6.0'}
    peerDependencies:
      supports-color: '*'
    peerDependenciesMeta:
      supports-color:
        optional: true

  delayed-stream@1.0.0:
    resolution: {integrity: sha512-ZySD7Nf91aLB0RxL4KGrKHBXl7Eds1DAmEdcoVawXnLD7SDhpNgtuII2aAkg7a7QS41jxPSZ17p4VdGnMHk3MQ==}
    engines: {node: '>=0.4.0'}

  element-plus@2.7.8:
    resolution: {integrity: sha512-h6dx2XihAbQaud0v+6O7Fy0b0G3YNplNVH7QnK3csTcvQd4y4raiyMRQpf9EKbRbTMdNrFsqAZrs9ok9DMcJHg==}
    peerDependencies:
      vue: ^3.2.0

  entities@4.5.0:
    resolution: {integrity: sha512-V0hjH4dGPh9Ao5p0MoRY6BVqtwCjhz6vI5LT8AJ55H+4g9/4vbHx1I54fS0XuclLhDHArPQCiMjDxjaL8fPxhw==}
    engines: {node: '>=0.12'}

  esbuild@0.21.5:
    resolution: {integrity: sha512-mg3OPMV4hXywwpoDxu3Qda5xCKQi+vCTZq8S9J/EpkhB2HzKXq4SNFZE3+NK93JYxc8VMSep+lOUSC/RVKaBqw==}
    engines: {node: '>=12'}
    hasBin: true

  escape-html@1.0.3:
    resolution: {integrity: sha512-NiSupZ4OeuGwr68lGIeym/ksIZMJodUGOSCZ/FSnTxcrekbvqrgdUxlJOMpijaKZVjAJrWrGs/6Jy8OMuyj9ow==}

  escape-string-regexp@5.0.0:
    resolution: {integrity: sha512-/veY75JbMK4j1yjvuUxuVsiS/hr/4iHs9FTT6cgTexxdE0Ly/glccBAkloH/DofkjRbZU3bnoj38mOmhkZ0lHw==}
    engines: {node: '>=12'}

  estree-walker@2.0.2:
    resolution: {integrity: sha512-Rfkk/Mp/DL7JVje3u18FxFujQlTNR2q6QfMSMB7AvCBx91NGj/ba3kCfza0f6dVDbw7YlRf/nDrn7pQrCCyQ/w==}

  estree-walker@3.0.3:
    resolution: {integrity: sha512-7RUKfXgSMMkzt6ZuXmqapOurLGPPfgj6l9uRZ7lRGolvk0y2yocc35LdcxKC5PQZdn2DMqioAQ2NoWcrTKmm6g==}

  fast-glob@3.3.2:
    resolution: {integrity: sha512-oX2ruAFQwf/Orj8m737Y5adxDQO0LAB7/S5MnxCdTNDd4p6BsyIVsv9JQsATbTSq8KHRpLwIHbVlUNatxd+1Ow==}
    engines: {node: '>=8.6.0'}

  fastq@1.17.1:
    resolution: {integrity: sha512-sRVD3lWVIXWg6By68ZN7vho9a1pQcN/WBFaAAsDDFzlJjvoGx0P8z7V1t72grFJfJhu3YPZBuu25f7Kaw2jN1w==}

  fill-range@7.1.1:
    resolution: {integrity: sha512-YsGpe3WHLK8ZYi4tWDg2Jy3ebRz2rXowDxnld4bkQB00cc/1Zw9AWnC0i9ztDJitivtQvaI9KaLyKrc+hBW0yg==}
    engines: {node: '>=8'}

  follow-redirects@1.15.6:
    resolution: {integrity: sha512-wWN62YITEaOpSK584EZXJafH1AGpO8RVgElfkuXbTOrPX4fIfOyEpW/CsiNd8JdYrAoOvafRTOEnvsO++qCqFA==}
    engines: {node: '>=4.0'}
    peerDependencies:
      debug: '*'
    peerDependenciesMeta:
      debug:
        optional: true

  form-data@4.0.0:
    resolution: {integrity: sha512-ETEklSGi5t0QMZuiXoA/Q6vcnxcLQP5vdugSpuAyi6SVGi2clPPp+xgEhuMaHC+zGgn31Kd235W35f7Hykkaww==}
    engines: {node: '>= 6'}

  fsevents@2.3.3:
    resolution: {integrity: sha512-5xoDfX+fL7faATnagmWPpbFtwh/R77WmMMqqHGS65C3vvB0YHrgF+B1YmZ3441tMj5n63k0212XNoJwzlhffQw==}
    engines: {node: ^8.16.0 || ^10.6.0 || >=11.0.0}
    os: [darwin]

  glob-parent@5.1.2:
    resolution: {integrity: sha512-AOIgSQCepiJYwP3ARnGx+5VnTu2HBYdzbGP45eLw1vr3zB3vZLeyed1sC9hnbcOc9/SrMyM5RPQrkGz4aS9Zow==}
    engines: {node: '>= 6'}

  is-binary-path@2.1.0:
    resolution: {integrity: sha512-ZMERYes6pDydyuGidse7OsHxtbI7WVeUEozgR/g7rd0xUimYNlvZRE/K2MgZTjWy725IfelLeVcEM97mmtRGXw==}
    engines: {node: '>=8'}

  is-extglob@2.1.1:
    resolution: {integrity: sha512-SbKbANkN603Vi4jEZv49LeVJMn4yGwsbzZworEoyEiutsN3nJYdbO36zfhGJ6QEDpOZIFkDtnq5JRxmvl3jsoQ==}
    engines: {node: '>=0.10.0'}

  is-glob@4.0.3:
    resolution: {integrity: sha512-xelSayHH36ZgE7ZWhli7pW34hNbNl8Ojv5KVmkJD4hBdD3th8Tfk9vYasLM+mXWOZhFkgZfxhLSnrwRr4elSSg==}
    engines: {node: '>=0.10.0'}

  is-number@7.0.0:
    resolution: {integrity: sha512-41Cifkg6e8TylSpdtTpeLVMqvSBEVzTttHvERD741+pnZ8ANv0004MRL43QKPDlK9cGvNp6NZWZUBlbGXYxxng==}
    engines: {node: '>=0.12.0'}

  js-tokens@9.0.0:
    resolution: {integrity: sha512-WriZw1luRMlmV3LGJaR6QOJjWwgLUTf89OwT2lUOyjX2dJGBwgmIkbcz+7WFZjrZM635JOIR517++e/67CP9dQ==}

  local-pkg@0.5.0:
    resolution: {integrity: sha512-ok6z3qlYyCDS4ZEU27HaU6x/xZa9Whf8jD4ptH5UZTQYZVYeb9bnZ3ojVhiJNLiXK1Hfc0GNbLXcmZ5plLDDBg==}
    engines: {node: '>=14'}

  lodash-es@4.17.21:
    resolution: {integrity: sha512-mKnC+QJ9pWVzv+C4/U3rRsHapFfHvQFoFB92e52xeyGMcX6/OlIl78je1u8vePzYZSkkogMPJ2yjxxsb89cxyw==}

  lodash-unified@1.0.3:
    resolution: {integrity: sha512-WK9qSozxXOD7ZJQlpSqOT+om2ZfcT4yO+03FuzAHD0wF6S0l0090LRPDx3vhTTLZ8cFKpBn+IOcVXK6qOcIlfQ==}
    peerDependencies:
      '@types/lodash-es': '*'
      lodash: '*'
      lodash-es: '*'

  lodash@4.17.21:
    resolution: {integrity: sha512-v2kDEe57lecTulaDIuNTPy3Ry4gLGJ6Z1O3vE1krgXZNrsQ+LFTGHVxVjcXPs17LhbZVGedAJv8XZ1tvj5FvSg==}

  magic-string@0.30.11:
    resolution: {integrity: sha512-+Wri9p0QHMy+545hKww7YAu5NyzF8iomPL/RQazugQ9+Ez4Ic3mERMd8ZTX5rfK944j+560ZJi8iAwgak1Ac7A==}

  memoize-one@6.0.0:
    resolution: {integrity: sha512-rkpe71W0N0c0Xz6QD0eJETuWAJGnJ9afsl1srmwPrI+yBCkge5EycXXbYRyvL29zZVUWQCY7InPRCv3GDXuZNw==}

  merge2@1.4.1:
    resolution: {integrity: sha512-8q7VEgMJW4J8tcfVPy8g09NcQwZdbwFEqhe/WZkoIzjn/3TGDwtOCYtXGxA3O8tPzpczCCDgv+P2P5y00ZJOOg==}
    engines: {node: '>= 8'}

  micromatch@4.0.7:
    resolution: {integrity: sha512-LPP/3KorzCwBxfeUuZmaR6bG2kdeHSbe0P2tY3FLRU4vYrjYz5hI4QZwV0njUx3jeuKe67YukQ1LSPZBKDqO/Q==}
    engines: {node: '>=8.6'}

  mime-db@1.52.0:
    resolution: {integrity: sha512-sPU4uV7dYlvtWJxwwxHD0PuihVNiE7TyAbQ5SWxDCB9mUYvOgroQOwYQQOKPJ8CIbE+1ETVlOoK1UC2nU3gYvg==}
    engines: {node: '>= 0.6'}

  mime-types@2.1.35:
    resolution: {integrity: sha512-ZDY+bPm5zTTF+YpCrAU9nK0UgICYPT0QtT1NZWFv4s++TNkcgVaT0g6+4R2uI4MjQjzysHB1zxuWL50hzaeXiw==}
    engines: {node: '>= 0.6'}

  minimatch@9.0.5:
    resolution: {integrity: sha512-G6T0ZX48xgozx7587koeX9Ys2NYy6Gmv//P89sEte9V9whIapMNF4idKxnW2QtCcLiTWlb/wfCabAtAFWhhBow==}
    engines: {node: '>=16 || 14 >=14.17'}

  mlly@1.7.1:
    resolution: {integrity: sha512-rrVRZRELyQzrIUAVMHxP97kv+G786pHmOKzuFII8zDYahFBS7qnHh2AlYSl1GAHhaMPCz6/oHjVMcfFYgFYHgA==}

  ms@2.1.2:
    resolution: {integrity: sha512-sGkPx+VjMtmA6MX27oA4FBFELFCZZ4S4XqeGOXCv68tT+jb3vk/RyaKWP0PTKyWtmLSM0b+adUTEvbs1PEaH2w==}

  nanoid@3.3.7:
    resolution: {integrity: sha512-eSRppjcPIatRIMC1U6UngP8XFcz8MQWGQdt1MTBQ7NaAmvXDfvNxbvWV3x2y6CdEUciCSsDHDQZbhYaB8QEo2g==}
    engines: {node: ^10 || ^12 || ^13.7 || ^14 || >=15.0.1}
    hasBin: true

  normalize-path@3.0.0:
    resolution: {integrity: sha512-6eZs5Ls3WtCisHWp9S2GUy8dqkpGi4BVSz3GaqiE6ezub0512ESztXUwUB6C6IKbQkY2Pnb/mD4WYojCRwcwLA==}
    engines: {node: '>=0.10.0'}

  normalize-wheel-es@1.2.0:
    resolution: {integrity: sha512-Wj7+EJQ8mSuXr2iWfnujrimU35R2W4FAErEyTmJoJ7ucwTn2hOUSsRehMb5RSYkxXGTM7Y9QpvPmp++w5ftoJw==}

  pathe@1.1.2:
    resolution: {integrity: sha512-whLdWMYL2TwI08hn8/ZqAbrVemu0LNaNNJZX73O6qaIdCTfXutsLhMkjdENX0qhsQ9uIimo4/aQOmXkoon2nDQ==}

  picocolors@1.0.1:
    resolution: {integrity: sha512-anP1Z8qwhkbmu7MFP5iTt+wQKXgwzf7zTyGlcdzabySa9vd0Xt392U0rVmz9poOaBj0uHJKyyo9/upk0HrEQew==}

  picomatch@2.3.1:
    resolution: {integrity: sha512-JU3teHTNjmE2VCGFzuY8EXzCDVwEqB2a8fsIvwaStHhAWJEeVd1o1QD80CU6+ZdEXXSLbSsuLwJjkCBWqRQUVA==}
    engines: {node: '>=8.6'}

  pkg-types@1.1.3:
    resolution: {integrity: sha512-+JrgthZG6m3ckicaOB74TwQ+tBWsFl3qVQg7mN8ulwSOElJ7gBhKzj2VkCPnZ4NlF6kEquYU+RIYNVAvzd54UA==}

  postcss@8.4.40:
    resolution: {integrity: sha512-YF2kKIUzAofPMpfH6hOi2cGnv/HrUlfucspc7pDyvv7kGdqXrfj8SCl/t8owkEgKEuu8ZcRjSOxFxVLqwChZ2Q==}
    engines: {node: ^10 || ^12 || >=14}

  proxy-from-env@1.1.0:
    resolution: {integrity: sha512-D+zkORCbA9f1tdWRK0RaCR3GPv50cMxcrz4X8k5LTSUD1Dkw47mKJEZQNunItRTkWwgtaUSo1RVFRIG9ZXiFYg==}

  queue-microtask@1.2.3:
    resolution: {integrity: sha512-NuaNSa6flKT5JaSYQzJok04JzTL1CA6aGhv5rfLW3PgqA+M2ChpZQnAC8h8i4ZFkBS8X5RqkDBHA7r4hej3K9A==}

  readdirp@3.6.0:
    resolution: {integrity: sha512-hOS089on8RduqdbhvQ5Z37A0ESjsqz6qnRcffsMU3495FuTdqSm+7bhJ29JvIOsBDEEnan5DPu9t3To9VRlMzA==}
    engines: {node: '>=8.10.0'}

  reusify@1.0.4:
    resolution: {integrity: sha512-U9nH88a3fc/ekCF1l0/UP1IosiuIjyTh7hBvXVMHYgVcfGvt897Xguj2UOLDeI5BG2m7/uwyaLVT6fbtCwTyzw==}
    engines: {iojs: '>=1.0.0', node: '>=0.10.0'}

  rollup@4.20.0:
    resolution: {integrity: sha512-6rbWBChcnSGzIlXeIdNIZTopKYad8ZG8ajhl78lGRLsI2rX8IkaotQhVas2Ma+GPxJav19wrSzvRvuiv0YKzWw==}
    engines: {node: '>=18.0.0', npm: '>=8.0.0'}
    hasBin: true

  run-parallel@1.2.0:
    resolution: {integrity: sha512-5l4VyZR86LZ/lDxZTR6jqL8AFE2S0IFLMP26AbjsLVADxHdhB/c0GUsH+y39UfCi3dzz8OlQuPmnaJOMoDHQBA==}

  scule@1.3.0:
    resolution: {integrity: sha512-6FtHJEvt+pVMIB9IBY+IcCJ6Z5f1iQnytgyfKMhDKgmzYG+TeH/wx1y3l27rshSbLiSanrR9ffZDrEsmjlQF2g==}

  source-map-js@1.2.0:
    resolution: {integrity: sha512-itJW8lvSA0TXEphiRoawsCksnlf8SyvmFzIhltqAHluXd88pkCd+cXJVHTDwdCr0IzwptSm035IHQktUu1QUMg==}
    engines: {node: '>=0.10.0'}

  strip-literal@2.1.0:
    resolution: {integrity: sha512-Op+UycaUt/8FbN/Z2TWPBLge3jWrP3xj10f3fnYxf052bKuS3EKs1ZQcVGjnEMdsNVAM+plXRdmjrZ/KgG3Skw==}

  to-fast-properties@2.0.0:
    resolution: {integrity: sha512-/OaKK0xYrs3DmxRYqL/yDc+FxFUVYhDlXMhRmv3z915w2HF1tnN1omB354j8VUGO/hbRzyD6Y3sA7v7GS/ceog==}
    engines: {node: '>=4'}

  to-regex-range@5.0.1:
    resolution: {integrity: sha512-65P7iz6X5yEr1cwcgvQxbbIw7Uk3gOy5dIdtZ4rDveLqhrdJP+Li/Hx6tyK0NEb+2GCyneCMJiGqrADCSNk8sQ==}
    engines: {node: '>=8.0'}

  ufo@1.5.4:
    resolution: {integrity: sha512-UsUk3byDzKd04EyoZ7U4DOlxQaD14JUKQl6/P7wiX4FNvUfm3XL246n9W5AmqwW5RSFJ27NAuM0iLscAOYUiGQ==}

  unimport@3.10.0:
    resolution: {integrity: sha512-/UvKRfWx3mNDWwWQhR62HsoM3wxHwYdTq8ellZzMOHnnw4Dp8tovgthyW7DjTrbjDL+i4idOp06voz2VKlvrLw==}

  unplugin-auto-import@0.18.2:
    resolution: {integrity: sha512-Dwb3rAic75harVBrVjwiq6H24PT+nBq2dpxV5BH8NNI6sDFaTytvP+iyo4xy7prQbR3r5K6nMs4f5Wp9PE4g8A==}
    engines: {node: '>=14'}
    peerDependencies:
      '@nuxt/kit': ^3.2.2
      '@vueuse/core': '*'
    peerDependenciesMeta:
      '@nuxt/kit':
        optional: true
      '@vueuse/core':
        optional: true

  unplugin-vue-components@0.27.3:
    resolution: {integrity: sha512-5wg7lbdg5ZcrAQNzyYK+6gcg/DG8K6rO+f5YeuvqGHs/PhpapBvpA4O/0ex/pFthE5WgRk43iWuRZEMLVsdz4Q==}
    engines: {node: '>=14'}
    peerDependencies:
      '@babel/parser': ^7.15.8
      '@nuxt/kit': ^3.2.2
      vue: 2 || 3
    peerDependenciesMeta:
      '@babel/parser':
        optional: true
      '@nuxt/kit':
        optional: true

  unplugin@1.12.0:
    resolution: {integrity: sha512-KeczzHl2sATPQUx1gzo+EnUkmN4VmGBYRRVOZSGvGITE9rGHRDGqft6ONceP3vgXcyJ2XjX5axG5jMWUwNCYLw==}
    engines: {node: '>=14.0.0'}

  vite@5.3.5:
    resolution: {integrity: sha512-MdjglKR6AQXQb9JGiS7Rc2wC6uMjcm7Go/NHNO63EwiJXfuk9PgqiP/n5IDJCziMkfw9n4Ubp7lttNwz+8ZVKA==}
    engines: {node: ^18.0.0 || >=20.0.0}
    hasBin: true
    peerDependencies:
      '@types/node': ^18.0.0 || >=20.0.0
      less: '*'
      lightningcss: ^1.21.0
      sass: '*'
      stylus: '*'
      sugarss: '*'
      terser: ^5.4.0
    peerDependenciesMeta:
      '@types/node':
        optional: true
      less:
        optional: true
      lightningcss:
        optional: true
      sass:
        optional: true
      stylus:
        optional: true
      sugarss:
        optional: true
      terser:
        optional: true

  vue-demi@0.14.10:
    resolution: {integrity: sha512-nMZBOwuzabUO0nLgIcc6rycZEebF6eeUfaiQx9+WSk8e29IbLvPU9feI6tqW4kTo3hvoYAJkMh8n8D0fuISphg==}
    engines: {node: '>=12'}
    hasBin: true
    peerDependencies:
      '@vue/composition-api': ^1.0.0-rc.1
      vue: ^3.0.0-0 || ^2.6.0
    peerDependenciesMeta:
      '@vue/composition-api':
        optional: true

  vue-router@4.4.2:
    resolution: {integrity: sha512-1qNybkn2L7QsLzaXs8nvlQmRKp8XF8DCxZys/Jr1JpQcHsKUxTKzTxCVA1G7NfBfwRIBgCJPoujOG5lHCCNUxw==}
    peerDependencies:
      vue: ^3.2.0

  vue@3.4.35:
    resolution: {integrity: sha512-+fl/GLmI4GPileHftVlCdB7fUL4aziPcqTudpTGXCT8s+iZWuOCeNEB5haX6Uz2IpRrbEXOgIFbe+XciCuGbNQ==}
    peerDependencies:
      typescript: '*'
    peerDependenciesMeta:
      typescript:
        optional: true

  webpack-sources@3.2.3:
    resolution: {integrity: sha512-/DyMEOrDgLKKIG0fmvtz+4dUX/3Ghozwgm6iPp8KRhvn+eQf9+Q7GWxVNMk3+uCPWfdXYC4ExGBckIXdFEfH1w==}
    engines: {node: '>=10.13.0'}

  webpack-virtual-modules@0.6.2:
    resolution: {integrity: sha512-66/V2i5hQanC51vBQKPH4aI8NMAcBW59FVBs+rC7eGHupMyfn34q7rZIE+ETlJ+XTevqfUhVVBgSUNSW2flEUQ==}

snapshots:

  '@antfu/utils@0.7.10': {}

  '@babel/helper-string-parser@7.24.8': {}

  '@babel/helper-validator-identifier@7.24.7': {}

  '@babel/parser@7.25.3':
    dependencies:
      '@babel/types': 7.25.2

  '@babel/types@7.25.2':
    dependencies:
      '@babel/helper-string-parser': 7.24.8
      '@babel/helper-validator-identifier': 7.24.7
      to-fast-properties: 2.0.0

  '@ctrl/tinycolor@3.6.1': {}

  '@element-plus/icons-vue@2.3.1(vue@3.4.35)':
    dependencies:
      vue: 3.4.35

  '@esbuild/aix-ppc64@0.21.5':
    optional: true

  '@esbuild/android-arm64@0.21.5':
    optional: true

  '@esbuild/android-arm@0.21.5':
    optional: true

  '@esbuild/android-x64@0.21.5':
    optional: true

  '@esbuild/darwin-arm64@0.21.5':
    optional: true

  '@esbuild/darwin-x64@0.21.5':
    optional: true

  '@esbuild/freebsd-arm64@0.21.5':
    optional: true

  '@esbuild/freebsd-x64@0.21.5':
    optional: true

  '@esbuild/linux-arm64@0.21.5':
    optional: true

  '@esbuild/linux-arm@0.21.5':
    optional: true

  '@esbuild/linux-ia32@0.21.5':
    optional: true

  '@esbuild/linux-loong64@0.21.5':
    optional: true

  '@esbuild/linux-mips64el@0.21.5':
    optional: true

  '@esbuild/linux-ppc64@0.21.5':
    optional: true

  '@esbuild/linux-riscv64@0.21.5':
    optional: true

  '@esbuild/linux-s390x@0.21.5':
    optional: true

  '@esbuild/linux-x64@0.21.5':
    optional: true

  '@esbuild/netbsd-x64@0.21.5':
    optional: true

  '@esbuild/openbsd-x64@0.21.5':
    optional: true

  '@esbuild/sunos-x64@0.21.5':
    optional: true

  '@esbuild/win32-arm64@0.21.5':
    optional: true

  '@esbuild/win32-ia32@0.21.5':
    optional: true

  '@esbuild/win32-x64@0.21.5':
    optional: true

  '@floating-ui/core@1.6.5':
    dependencies:
      '@floating-ui/utils': 0.2.5

  '@floating-ui/dom@1.6.8':
    dependencies:
      '@floating-ui/core': 1.6.5
      '@floating-ui/utils': 0.2.5

  '@floating-ui/utils@0.2.5': {}

  '@jridgewell/sourcemap-codec@1.5.0': {}

  '@nodelib/fs.scandir@2.1.5':
    dependencies:
      '@nodelib/fs.stat': 2.0.5
      run-parallel: 1.2.0

  '@nodelib/fs.stat@2.0.5': {}

  '@nodelib/fs.walk@1.2.8':
    dependencies:
      '@nodelib/fs.scandir': 2.1.5
      fastq: 1.17.1

  '@rollup/pluginutils@5.1.0(rollup@4.20.0)':
    dependencies:
      '@types/estree': 1.0.5
      estree-walker: 2.0.2
      picomatch: 2.3.1
    optionalDependencies:
      rollup: 4.20.0

  '@rollup/rollup-android-arm-eabi@4.20.0':
    optional: true

  '@rollup/rollup-android-arm64@4.20.0':
    optional: true

  '@rollup/rollup-darwin-arm64@4.20.0':
    optional: true

  '@rollup/rollup-darwin-x64@4.20.0':
    optional: true

  '@rollup/rollup-linux-arm-gnueabihf@4.20.0':
    optional: true

  '@rollup/rollup-linux-arm-musleabihf@4.20.0':
    optional: true

  '@rollup/rollup-linux-arm64-gnu@4.20.0':
    optional: true

  '@rollup/rollup-linux-arm64-musl@4.20.0':
    optional: true

  '@rollup/rollup-linux-powerpc64le-gnu@4.20.0':
    optional: true

  '@rollup/rollup-linux-riscv64-gnu@4.20.0':
    optional: true

  '@rollup/rollup-linux-s390x-gnu@4.20.0':
    optional: true

  '@rollup/rollup-linux-x64-gnu@4.20.0':
    optional: true

  '@rollup/rollup-linux-x64-musl@4.20.0':
    optional: true

  '@rollup/rollup-win32-arm64-msvc@4.20.0':
    optional: true

  '@rollup/rollup-win32-ia32-msvc@4.20.0':
    optional: true

  '@rollup/rollup-win32-x64-msvc@4.20.0':
    optional: true

  '@sxzz/popperjs-es@2.11.7': {}

  '@types/estree@1.0.5': {}

  '@types/lodash-es@4.17.12':
    dependencies:
      '@types/lodash': 4.17.7

  '@types/lodash@4.17.7': {}

  '@types/web-bluetooth@0.0.16': {}

  '@types/web-bluetooth@0.0.20':
    optional: true

  '@vitejs/plugin-vue@5.1.2(vite@5.3.5)(vue@3.4.35)':
    dependencies:
      vite: 5.3.5
      vue: 3.4.35

  '@vue/compiler-core@3.4.35':
    dependencies:
      '@babel/parser': 7.25.3
      '@vue/shared': 3.4.35
      entities: 4.5.0
      estree-walker: 2.0.2
      source-map-js: 1.2.0

  '@vue/compiler-dom@3.4.35':
    dependencies:
      '@vue/compiler-core': 3.4.35
      '@vue/shared': 3.4.35

  '@vue/compiler-sfc@3.4.35':
    dependencies:
      '@babel/parser': 7.25.3
      '@vue/compiler-core': 3.4.35
      '@vue/compiler-dom': 3.4.35
      '@vue/compiler-ssr': 3.4.35
      '@vue/shared': 3.4.35
      estree-walker: 2.0.2
      magic-string: 0.30.11
      postcss: 8.4.40
      source-map-js: 1.2.0

  '@vue/compiler-ssr@3.4.35':
    dependencies:
      '@vue/compiler-dom': 3.4.35
      '@vue/shared': 3.4.35

  '@vue/devtools-api@6.6.3': {}

  '@vue/reactivity@3.4.35':
    dependencies:
      '@vue/shared': 3.4.35

  '@vue/runtime-core@3.4.35':
    dependencies:
      '@vue/reactivity': 3.4.35
      '@vue/shared': 3.4.35

  '@vue/runtime-dom@3.4.35':
    dependencies:
      '@vue/reactivity': 3.4.35
      '@vue/runtime-core': 3.4.35
      '@vue/shared': 3.4.35
      csstype: 3.1.3

  '@vue/server-renderer@3.4.35(vue@3.4.35)':
    dependencies:
      '@vue/compiler-ssr': 3.4.35
      '@vue/shared': 3.4.35
      vue: 3.4.35

  '@vue/shared@3.4.35': {}

  '@vueuse/core@10.11.0(vue@3.4.35)':
    dependencies:
      '@types/web-bluetooth': 0.0.20
      '@vueuse/metadata': 10.11.0
      '@vueuse/shared': 10.11.0(vue@3.4.35)
      vue-demi: 0.14.10(vue@3.4.35)
    transitivePeerDependencies:
      - '@vue/composition-api'
      - vue
    optional: true

  '@vueuse/core@9.13.0(vue@3.4.35)':
    dependencies:
      '@types/web-bluetooth': 0.0.16
      '@vueuse/metadata': 9.13.0
      '@vueuse/shared': 9.13.0(vue@3.4.35)
      vue-demi: 0.14.10(vue@3.4.35)
    transitivePeerDependencies:
      - '@vue/composition-api'
      - vue

  '@vueuse/metadata@10.11.0':
    optional: true

  '@vueuse/metadata@9.13.0': {}

  '@vueuse/shared@10.11.0(vue@3.4.35)':
    dependencies:
      vue-demi: 0.14.10(vue@3.4.35)
    transitivePeerDependencies:
      - '@vue/composition-api'
      - vue
    optional: true

  '@vueuse/shared@9.13.0(vue@3.4.35)':
    dependencies:
      vue-demi: 0.14.10(vue@3.4.35)
    transitivePeerDependencies:
      - '@vue/composition-api'
      - vue

  acorn@8.12.1: {}

  anymatch@3.1.3:
    dependencies:
      normalize-path: 3.0.0
      picomatch: 2.3.1

  async-validator@4.2.5: {}

  asynckit@0.4.0: {}

  axios@1.7.3:
    dependencies:
      follow-redirects: 1.15.6
      form-data: 4.0.0
      proxy-from-env: 1.1.0
    transitivePeerDependencies:
      - debug

  balanced-match@1.0.2: {}

  binary-extensions@2.3.0: {}

  brace-expansion@2.0.1:
    dependencies:
      balanced-match: 1.0.2

  braces@3.0.3:
    dependencies:
      fill-range: 7.1.1

  chokidar@3.6.0:
    dependencies:
      anymatch: 3.1.3
      braces: 3.0.3
      glob-parent: 5.1.2
      is-binary-path: 2.1.0
      is-glob: 4.0.3
      normalize-path: 3.0.0
      readdirp: 3.6.0
    optionalDependencies:
      fsevents: 2.3.3

  combined-stream@1.0.8:
    dependencies:
      delayed-stream: 1.0.0

  confbox@0.1.7: {}

  csstype@3.1.3: {}

  dayjs@1.11.12: {}

  debug@4.3.6:
    dependencies:
      ms: 2.1.2

  delayed-stream@1.0.0: {}

  element-plus@2.7.8(vue@3.4.35):
    dependencies:
      '@ctrl/tinycolor': 3.6.1
      '@element-plus/icons-vue': 2.3.1(vue@3.4.35)
      '@floating-ui/dom': 1.6.8
      '@popperjs/core': '@sxzz/popperjs-es@2.11.7'
      '@types/lodash': 4.17.7
      '@types/lodash-es': 4.17.12
      '@vueuse/core': 9.13.0(vue@3.4.35)
      async-validator: 4.2.5
      dayjs: 1.11.12
      escape-html: 1.0.3
      lodash: 4.17.21
      lodash-es: 4.17.21
      lodash-unified: 1.0.3(@types/lodash-es@4.17.12)(lodash-es@4.17.21)(lodash@4.17.21)
      memoize-one: 6.0.0
      normalize-wheel-es: 1.2.0
      vue: 3.4.35
    transitivePeerDependencies:
      - '@vue/composition-api'

  entities@4.5.0: {}

  esbuild@0.21.5:
    optionalDependencies:
      '@esbuild/aix-ppc64': 0.21.5
      '@esbuild/android-arm': 0.21.5
      '@esbuild/android-arm64': 0.21.5
      '@esbuild/android-x64': 0.21.5
      '@esbuild/darwin-arm64': 0.21.5
      '@esbuild/darwin-x64': 0.21.5
      '@esbuild/freebsd-arm64': 0.21.5
      '@esbuild/freebsd-x64': 0.21.5
      '@esbuild/linux-arm': 0.21.5
      '@esbuild/linux-arm64': 0.21.5
      '@esbuild/linux-ia32': 0.21.5
      '@esbuild/linux-loong64': 0.21.5
      '@esbuild/linux-mips64el': 0.21.5
      '@esbuild/linux-ppc64': 0.21.5
      '@esbuild/linux-riscv64': 0.21.5
      '@esbuild/linux-s390x': 0.21.5
      '@esbuild/linux-x64': 0.21.5
      '@esbuild/netbsd-x64': 0.21.5
      '@esbuild/openbsd-x64': 0.21.5
      '@esbuild/sunos-x64': 0.21.5
      '@esbuild/win32-arm64': 0.21.5
      '@esbuild/win32-ia32': 0.21.5
      '@esbuild/win32-x64': 0.21.5

  escape-html@1.0.3: {}

  escape-string-regexp@5.0.0: {}

  estree-walker@2.0.2: {}

  estree-walker@3.0.3:
    dependencies:
      '@types/estree': 1.0.5

  fast-glob@3.3.2:
    dependencies:
      '@nodelib/fs.stat': 2.0.5
      '@nodelib/fs.walk': 1.2.8
      glob-parent: 5.1.2
      merge2: 1.4.1
      micromatch: 4.0.7

  fastq@1.17.1:
    dependencies:
      reusify: 1.0.4

  fill-range@7.1.1:
    dependencies:
      to-regex-range: 5.0.1

  follow-redirects@1.15.6: {}

  form-data@4.0.0:
    dependencies:
      asynckit: 0.4.0
      combined-stream: 1.0.8
      mime-types: 2.1.35

  fsevents@2.3.3:
    optional: true

  glob-parent@5.1.2:
    dependencies:
      is-glob: 4.0.3

  is-binary-path@2.1.0:
    dependencies:
      binary-extensions: 2.3.0

  is-extglob@2.1.1: {}

  is-glob@4.0.3:
    dependencies:
      is-extglob: 2.1.1

  is-number@7.0.0: {}

  js-tokens@9.0.0: {}

  local-pkg@0.5.0:
    dependencies:
      mlly: 1.7.1
      pkg-types: 1.1.3

  lodash-es@4.17.21: {}

  lodash-unified@1.0.3(@types/lodash-es@4.17.12)(lodash-es@4.17.21)(lodash@4.17.21):
    dependencies:
      '@types/lodash-es': 4.17.12
      lodash: 4.17.21
      lodash-es: 4.17.21

  lodash@4.17.21: {}

  magic-string@0.30.11:
    dependencies:
      '@jridgewell/sourcemap-codec': 1.5.0

  memoize-one@6.0.0: {}

  merge2@1.4.1: {}

  micromatch@4.0.7:
    dependencies:
      braces: 3.0.3
      picomatch: 2.3.1

  mime-db@1.52.0: {}

  mime-types@2.1.35:
    dependencies:
      mime-db: 1.52.0

  minimatch@9.0.5:
    dependencies:
      brace-expansion: 2.0.1

  mlly@1.7.1:
    dependencies:
      acorn: 8.12.1
      pathe: 1.1.2
      pkg-types: 1.1.3
      ufo: 1.5.4

  ms@2.1.2: {}

  nanoid@3.3.7: {}

  normalize-path@3.0.0: {}

  normalize-wheel-es@1.2.0: {}

  pathe@1.1.2: {}

  picocolors@1.0.1: {}

  picomatch@2.3.1: {}

  pkg-types@1.1.3:
    dependencies:
      confbox: 0.1.7
      mlly: 1.7.1
      pathe: 1.1.2

  postcss@8.4.40:
    dependencies:
      nanoid: 3.3.7
      picocolors: 1.0.1
      source-map-js: 1.2.0

  proxy-from-env@1.1.0: {}

  queue-microtask@1.2.3: {}

  readdirp@3.6.0:
    dependencies:
      picomatch: 2.3.1

  reusify@1.0.4: {}

  rollup@4.20.0:
    dependencies:
      '@types/estree': 1.0.5
    optionalDependencies:
      '@rollup/rollup-android-arm-eabi': 4.20.0
      '@rollup/rollup-android-arm64': 4.20.0
      '@rollup/rollup-darwin-arm64': 4.20.0
      '@rollup/rollup-darwin-x64': 4.20.0
      '@rollup/rollup-linux-arm-gnueabihf': 4.20.0
      '@rollup/rollup-linux-arm-musleabihf': 4.20.0
      '@rollup/rollup-linux-arm64-gnu': 4.20.0
      '@rollup/rollup-linux-arm64-musl': 4.20.0
      '@rollup/rollup-linux-powerpc64le-gnu': 4.20.0
      '@rollup/rollup-linux-riscv64-gnu': 4.20.0
      '@rollup/rollup-linux-s390x-gnu': 4.20.0
      '@rollup/rollup-linux-x64-gnu': 4.20.0
      '@rollup/rollup-linux-x64-musl': 4.20.0
      '@rollup/rollup-win32-arm64-msvc': 4.20.0
      '@rollup/rollup-win32-ia32-msvc': 4.20.0
      '@rollup/rollup-win32-x64-msvc': 4.20.0
      fsevents: 2.3.3

  run-parallel@1.2.0:
    dependencies:
      queue-microtask: 1.2.3

  scule@1.3.0: {}

  source-map-js@1.2.0: {}

  strip-literal@2.1.0:
    dependencies:
      js-tokens: 9.0.0

  to-fast-properties@2.0.0: {}

  to-regex-range@5.0.1:
    dependencies:
      is-number: 7.0.0

  ufo@1.5.4: {}

  unimport@3.10.0(rollup@4.20.0):
    dependencies:
      '@rollup/pluginutils': 5.1.0(rollup@4.20.0)
      acorn: 8.12.1
      escape-string-regexp: 5.0.0
      estree-walker: 3.0.3
      fast-glob: 3.3.2
      local-pkg: 0.5.0
      magic-string: 0.30.11
      mlly: 1.7.1
      pathe: 1.1.2
      pkg-types: 1.1.3
      scule: 1.3.0
      strip-literal: 2.1.0
      unplugin: 1.12.0
    transitivePeerDependencies:
      - rollup

  unplugin-auto-import@0.18.2(@vueuse/core@10.11.0(vue@3.4.35))(rollup@4.20.0):
    dependencies:
      '@antfu/utils': 0.7.10
      '@rollup/pluginutils': 5.1.0(rollup@4.20.0)
      fast-glob: 3.3.2
      local-pkg: 0.5.0
      magic-string: 0.30.11
      minimatch: 9.0.5
      unimport: 3.10.0(rollup@4.20.0)
      unplugin: 1.12.0
    optionalDependencies:
      '@vueuse/core': 10.11.0(vue@3.4.35)
    transitivePeerDependencies:
      - rollup

  unplugin-vue-components@0.27.3(@babel/parser@7.25.3)(rollup@4.20.0)(vue@3.4.35):
    dependencies:
      '@antfu/utils': 0.7.10
      '@rollup/pluginutils': 5.1.0(rollup@4.20.0)
      chokidar: 3.6.0
      debug: 4.3.6
      fast-glob: 3.3.2
      local-pkg: 0.5.0
      magic-string: 0.30.11
      minimatch: 9.0.5
      mlly: 1.7.1
      unplugin: 1.12.0
      vue: 3.4.35
    optionalDependencies:
      '@babel/parser': 7.25.3
    transitivePeerDependencies:
      - rollup
      - supports-color

  unplugin@1.12.0:
    dependencies:
      acorn: 8.12.1
      chokidar: 3.6.0
      webpack-sources: 3.2.3
      webpack-virtual-modules: 0.6.2

  vite@5.3.5:
    dependencies:
      esbuild: 0.21.5
      postcss: 8.4.40
      rollup: 4.20.0
    optionalDependencies:
      fsevents: 2.3.3

  vue-demi@0.14.10(vue@3.4.35):
    dependencies:
      vue: 3.4.35

  vue-router@4.4.2(vue@3.4.35):
    dependencies:
      '@vue/devtools-api': 6.6.3
      vue: 3.4.35

  vue@3.4.35:
    dependencies:
      '@vue/compiler-dom': 3.4.35
      '@vue/compiler-sfc': 3.4.35
      '@vue/runtime-dom': 3.4.35
      '@vue/server-renderer': 3.4.35(vue@3.4.35)
      '@vue/shared': 3.4.35

  webpack-sources@3.2.3: {}

  webpack-virtual-modules@0.6.2: {}
